<?xml version="1.0" encoding="utf-8"?>

<Project ToolsVersion="12.0" xmlns="http://schemas.microsoft.com/developer/msbuild/2003">
  <ItemGroup>
    <Filter Include="BurstCoupon">
      <UniqueIdentifier>{4B5D124C-103A-C240-0ACB-C070663EB669}</UniqueIdentifier>
    </Filter>
    <Filter Include="BurstCoupon\Source">
      <UniqueIdentifier>{25732E9F-5378-9B48-0669-3DF6CC8A8A89}</UniqueIdentifier>
    </Filter>
    <Filter Include="BurstCoupon\Source\img">
      <UniqueIdentifier>{FE71AB40-7D50-EE49-8107-AC1E26248FDD}</UniqueIdentifier>
    </Filter>
    <Filter Include="BurstCoupon\Source\burst">
      <UniqueIdentifier>{29AB2B6C-9A8F-CCCE-CF6F-FFC1BA6FE928}</UniqueIdentifier>
    </Filter>
    <Filter Include="BurstCoupon\Source\burst\crypto">
      <UniqueIdentifier>{4CCE618B-02C3-D672-DC81-089F296D38CD}</UniqueIdentifier>
    </Filter>
    <Filter Include="Juce Library Code">
      <UniqueIdentifier>{8B4D1BAA-6DB4-CAEC-A0FA-271F354D5C61}</UniqueIdentifier>
    </Filter>
  </ItemGroup>
  <ItemGroup>
    <ClCompile Include="..\..\Source\burst\crypto\Crytpo.cpp">
      <Filter>BurstCoupon\Source\burst\crypto</Filter>
    </ClCompile>
    <ClCompile Include="..\..\Source\burst\crypto\curve25519_i64.c">
      <Filter>BurstCoupon\Source\burst\crypto</Filter>
    </ClCompile>
    <ClCompile Include="..\..\Source\burst\crypto\sha256.cpp">
      <Filter>BurstCoupon\Source\burst\crypto</Filter>
    </ClCompile>
    <ClCompile Include="..\..\Source\burst\BurstAPI.cpp">
      <Filter>BurstCoupon\Source\burst</Filter>
    </ClCompile>
    <ClCompile Include="..\..\Source\InterfaceComponent.cpp">
      <Filter>BurstCoupon\Source</Filter>
    </ClCompile>
    <ClCompile Include="..\..\Source\Logger.cpp">
      <Filter>BurstCoupon\Source</Filter>
    </ClCompile>
    <ClCompile Include="..\..\Source\LookAndFeel.cpp">
      <Filter>BurstCoupon\Source</Filter>
    </ClCompile>
    <ClCompile Include="..\..\Source\Main.cpp">
      <Filter>BurstCoupon\Source</Filter>
    </ClCompile>
    <ClCompile Include="..\..\JuceLibraryCode\BinaryData.cpp">
      <Filter>Juce Library Code</Filter>
    </ClCompile>
    <ClCompile Include="..\..\JuceLibraryCode\juce_audio_basics.cpp">
      <Filter>Juce Library Code</Filter>
    </ClCompile>
    <ClCompile Include="..\..\JuceLibraryCode\juce_audio_devices.cpp">
      <Filter>Juce Library Code</Filter>
    </ClCompile>
    <ClCompile Include="..\..\JuceLibraryCode\juce_audio_formats.cpp">
      <Filter>Juce Library Code</Filter>
    </ClCompile>
    <ClCompile Include="..\..\JuceLibraryCode\juce_audio_processors.cpp">
      <Filter>Juce Library Code</Filter>
    </ClCompile>
    <ClCompile Include="..\..\JuceLibraryCode\juce_core.cpp">
      <Filter>Juce Library Code</Filter>
    </ClCompile>
    <ClCompile Include="..\..\JuceLibraryCode\juce_cryptography.cpp">
      <Filter>Juce Library Code</Filter>
    </ClCompile>
    <ClCompile Include="..\..\JuceLibraryCode\juce_data_structures.cpp">
      <Filter>Juce Library Code</Filter>
    </ClCompile>
    <ClCompile Include="..\..\JuceLibraryCode\juce_events.cpp">
      <Filter>Juce Library Code</Filter>
    </ClCompile>
    <ClCompile Include="..\..\JuceLibraryCode\juce_graphics.cpp">
      <Filter>Juce Library Code</Filter>
    </ClCompile>
    <ClCompile Include="..\..\JuceLibraryCode\juce_gui_basics.cpp">
      <Filter>Juce Library Code</Filter>
    </ClCompile>
    <ClCompile Include="..\..\JuceLibraryCode\juce_gui_extra.cpp">
      <Filter>Juce Library Code</Filter>
    </ClCompile>
    <ClCompile Include="..\..\JuceLibraryCode\juce_opengl.cpp">
      <Filter>Juce Library Code</Filter>
    </ClCompile>
    <ClCompile Include="..\..\JuceLibraryCode\juce_video.cpp">
      <Filter>Juce Library Code</Filter>
    </ClCompile>
  </ItemGroup>
  <ItemGroup>
    <ClInclude Include="..\..\Source\burst\crypto\Crypto.hpp">
      <Filter>BurstCoupon\Source\burst\crypto</Filter>
    </ClInclude>
    <ClInclude Include="..\..\Source\burst\crypto\curve25519_i64.h">
      <Filter>BurstCoupon\Source\burst\crypto</Filter>
    </ClInclude>
    <ClInclude Include="..\..\Source\burst\crypto\sha256.h">
      <Filter>BurstCoupon\Source\burst\crypto</Filter>
    </ClInclude>
    <ClInclude Include="..\..\Source\burst\BurstAPI.h">
      <Filter>BurstCoupon\Source\burst</Filter>
    </ClInclude>
    <ClInclude Include="..\..\Source\InterfaceComponent.h">
      <Filter>BurstCoupon\Source</Filter>
    </ClInclude>
    <ClInclude Include="..\..\Source\Logger.h">
      <Filter>BurstCoupon\Source</Filter>
    </ClInclude>
    <ClInclude Include="..\..\Source\LookAndFeel.h">
      <Filter>BurstCoupon\Source</Filter>
    </ClInclude>
    <ClInclude Include="..\..\Source\VersionTemplate.h">
      <Filter>BurstCoupon\Source</Filter>
    </ClInclude>
    <ClInclude Include="..\..\JuceLibraryCode\AppConfig.h">
      <Filter>Juce Library Code</Filter>
    </ClInclude>
    <ClInclude Include="..\..\JuceLibraryCode\BinaryData.h">
      <Filter>Juce Library Code</Filter>
    </ClInclude>
    <ClInclude Include="..\..\JuceLibraryCode\JuceHeader.h">
      <Filter>Juce Library Code</Filter>
    </ClInclude>
  </ItemGroup>
  <ItemGroup>
    <None Include="..\..\Source\img\burst-coupon-icon.png">
      <Filter>BurstCoupon\Source\img</Filter>
    </None>
    <None Include="..\..\Source\NotoSans-Regular.ttf">
      <Filter>BurstCoupon\Source</Filter>
    </None>
    <None Include=".\icon.ico">
      <Filter>Juce Library Code</Filter>
    </None>
  </ItemGroup>
  <ItemGroup>
    <ResourceCompile Include=".\resources.rc">
      <Filter>Juce Library Code</Filter>
    </ResourceCompile>
  </ItemGroup>
</Project>
